{
  "requires": true,
  "lockfileVersion": 1,
  "dependencies": {
    "@dannyxcii/badger": {
      "version": "0.4.2",
      "resolved": "https://registry.npmjs.org/@dannyxcii/badger/-/badger-0.4.2.tgz",
      "integrity": "sha512-jd62WRbIk01eNPf4QsOIP2zTU2YbIuMpetijEfNQ8TP0+c19ciFNyBfSG/WCY22X1EWQ91vNtyaDWV+c/ObTgg==",
      "dev": true
    }
  }
}
